
Microsoft Visual Studio Solution File, Format Version 12.00
# Visual Studio Version 16
VisualStudioVersion = 16.0.31321.278
MinimumVisualStudioVersion = 10.0.40219.1
Project("{FAE04EC0-301F-11D3-BF4B-00C04F79EFBC}") = "WebAppAgenda", "WebAppAgenda\WebAppAgenda.csproj", "{B77BBF41-5AE1-4780-8C61-2F5E3D2F1F2C}"
EndProject
Global
	GlobalSection(SolutionConfigurationPlatforms) = preSolution
		Debug|Any CPU = Debug|Any CPU
		Release|Any CPU = Release|Any CPU
	EndGlobalSection
	GlobalSection(ProjectConfigurationPlatforms) = postSolution
		{B77BBF41-5AE1-4780-8C61-2F5E3D2F1F2C}.Debug|Any CPU.ActiveCfg = Debug|Any CPU
		{B77BBF41-5AE1-4780-8C61-2F5E3D2F1F2C}.Debug|Any CPU.Build.0 = Debug|Any CPU
		{B77BBF41-5AE1-4780-8C61-2F5E3D2F1F2C}.Release|Any CPU.ActiveCfg = Release|Any CPU
		{B77BBF41-5AE1-4780-8C61-2F5E3D2F1F2C}.Release|Any CPU.Build.0 = Release|Any CPU
	EndGlobalSection
	GlobalSection(SolutionProperties) = preSolution
		HideSolutionNode = FALSE
	EndGlobalSection
	GlobalSection(ExtensibilityGlobals) = postSolution
		SolutionGuid = {86EFF0C8-83D9-42AB-9DB8-7C315A7949BC}
	EndGlobalSection
EndGlobal
